
Microsoft Visual Studio Solution File, Format Version 12.00
# Visual Studio Version 16
VisualStudioVersion = 16.0.31025.194
MinimumVisualStudioVersion = 10.0.40219.1
Project("{FAE04EC0-301F-11D3-BF4B-00C04F79EFBC}") = "Farm_Company_V1", "Farm_Company_V1.csproj", "{FDF17E93-44CD-424C-894E-1454F9A472D3}"
EndProject
Global
	GlobalSection(SolutionConfigurationPlatforms) = preSolution
		Debug|Any CPU = Debug|Any CPU
		Release|Any CPU = Release|Any CPU
	EndGlobalSection
	GlobalSection(ProjectConfigurationPlatforms) = postSolution
		{FDF17E93-44CD-424C-894E-1454F9A472D3}.Debug|Any CPU.ActiveCfg = Debug|Any CPU
		{FDF17E93-44CD-424C-894E-1454F9A472D3}.Debug|Any CPU.Build.0 = Debug|Any CPU
		{FDF17E93-44CD-424C-894E-1454F9A472D3}.Release|Any CPU.ActiveCfg = Release|Any CPU
		{FDF17E93-44CD-424C-894E-1454F9A472D3}.Release|Any CPU.Build.0 = Release|Any CPU
	EndGlobalSection
	GlobalSection(SolutionProperties) = preSolution
		HideSolutionNode = FALSE
	EndGlobalSection
	GlobalSection(ExtensibilityGlobals) = postSolution
		SolutionGuid = {7F3B2428-CC79-42E1-8959-3B980EA4AF2D}
	EndGlobalSection
EndGlobal
